
Microsoft Visual Studio Solution File, Format Version 12.00
# Visual Studio 15
VisualStudioVersion = 15.0.26124.0
MinimumVisualStudioVersion = 15.0.26124.0
Project("{2150E333-8FDC-42A3-9474-1A3956D46DE8}") = "src", "src", "{CB8BB97C-4018-43DE-9C2A-F463D7EED4B9}"
EndProject
Project("{9A19103F-16F7-4668-BE54-9A1E7A4F7556}") = "ViMail.Web", "src\ViMail.Web\ViMail.Web.csproj", "{3BDF5038-CCC5-43E9-95CD-E460F4B4A1EA}"
EndProject
Project("{9A19103F-16F7-4668-BE54-9A1E7A4F7556}") = "ViMail.Service", "src\ViMail.Service\ViMail.Service.csproj", "{F82286C4-9A50-487D-AD44-4376E4A9BAA8}"
EndProject
Project("{9A19103F-16F7-4668-BE54-9A1E7A4F7556}") = "ViMail.Data", "src\ViMail.Data\ViMail.Data.csproj", "{CC6523E4-BDCB-4434-90E1-0140AD6545D6}"
EndProject
Project("{9A19103F-16F7-4668-BE54-9A1E7A4F7556}") = "ViMail.Common", "src\ViMail.Common\ViMail.Common.csproj", "{760D8E03-56FB-4D19-8D66-E250CCA868F2}"
EndProject
Project("{9A19103F-16F7-4668-BE54-9A1E7A4F7556}") = "ViMail.Data.MySql", "src\ViMail.Data.MySql\ViMail.Data.MySql.csproj", "{15F34722-9C05-493B-9AAD-DD88651AA23F}"
EndProject
Project("{2150E333-8FDC-42A3-9474-1A3956D46DE8}") = "3. Data", "3. Data", "{906413B8-2DE2-47B9-9AAE-9D88BA55B9AD}"
EndProject
Project("{2150E333-8FDC-42A3-9474-1A3956D46DE8}") = "1. Presentation", "1. Presentation", "{6017588C-083E-4716-AAEB-55B6DA9A9B38}"
EndProject
Project("{2150E333-8FDC-42A3-9474-1A3956D46DE8}") = "2. Service", "2. Service", "{09F92AA6-D220-4782-996D-D0B971DC8E78}"
EndProject
Project("{2150E333-8FDC-42A3-9474-1A3956D46DE8}") = "4. Infrastructure", "4. Infrastructure", "{9C7B5617-9BE1-45DB-BB14-04DCF24D9098}"
EndProject
Project("{9A19103F-16F7-4668-BE54-9A1E7A4F7556}") = "ViMail.Data.SqlServer", "src\ViMail.Data.SqlServer\ViMail.Data.SqlServer.csproj", "{3D925727-BE0F-417C-9C71-964E49AC3EDD}"
EndProject
Project("{9A19103F-16F7-4668-BE54-9A1E7A4F7556}") = "ViMail.Data.PostgreSql", "src\ViMail.Data.PostgreSql\ViMail.Data.PostgreSql.csproj", "{95FA9354-95E7-4552-AEAF-E359D1A63A5F}"
EndProject
Global
	GlobalSection(SolutionConfigurationPlatforms) = preSolution
		Debug|Any CPU = Debug|Any CPU
		Debug|x64 = Debug|x64
		Debug|x86 = Debug|x86
		Release|Any CPU = Release|Any CPU
		Release|x64 = Release|x64
		Release|x86 = Release|x86
	EndGlobalSection
	GlobalSection(ProjectConfigurationPlatforms) = postSolution
		{3BDF5038-CCC5-43E9-95CD-E460F4B4A1EA}.Debug|Any CPU.ActiveCfg = Debug|Any CPU
		{3BDF5038-CCC5-43E9-95CD-E460F4B4A1EA}.Debug|Any CPU.Build.0 = Debug|Any CPU
		{3BDF5038-CCC5-43E9-95CD-E460F4B4A1EA}.Debug|x64.ActiveCfg = Debug|Any CPU
		{3BDF5038-CCC5-43E9-95CD-E460F4B4A1EA}.Debug|x64.Build.0 = Debug|Any CPU
		{3BDF5038-CCC5-43E9-95CD-E460F4B4A1EA}.Debug|x86.ActiveCfg = Debug|Any CPU
		{3BDF5038-CCC5-43E9-95CD-E460F4B4A1EA}.Debug|x86.Build.0 = Debug|Any CPU
		{3BDF5038-CCC5-43E9-95CD-E460F4B4A1EA}.Release|Any CPU.ActiveCfg = Release|Any CPU
		{3BDF5038-CCC5-43E9-95CD-E460F4B4A1EA}.Release|Any CPU.Build.0 = Release|Any CPU
		{3BDF5038-CCC5-43E9-95CD-E460F4B4A1EA}.Release|x64.ActiveCfg = Release|Any CPU
		{3BDF5038-CCC5-43E9-95CD-E460F4B4A1EA}.Release|x64.Build.0 = Release|Any CPU
		{3BDF5038-CCC5-43E9-95CD-E460F4B4A1EA}.Release|x86.ActiveCfg = Release|Any CPU
		{3BDF5038-CCC5-43E9-95CD-E460F4B4A1EA}.Release|x86.Build.0 = Release|Any CPU
		{F82286C4-9A50-487D-AD44-4376E4A9BAA8}.Debug|Any CPU.ActiveCfg = Debug|Any CPU
		{F82286C4-9A50-487D-AD44-4376E4A9BAA8}.Debug|Any CPU.Build.0 = Debug|Any CPU
		{F82286C4-9A50-487D-AD44-4376E4A9BAA8}.Debug|x64.ActiveCfg = Debug|Any CPU
		{F82286C4-9A50-487D-AD44-4376E4A9BAA8}.Debug|x64.Build.0 = Debug|Any CPU
		{F82286C4-9A50-487D-AD44-4376E4A9BAA8}.Debug|x86.ActiveCfg = Debug|Any CPU
		{F82286C4-9A50-487D-AD44-4376E4A9BAA8}.Debug|x86.Build.0 = Debug|Any CPU
		{F82286C4-9A50-487D-AD44-4376E4A9BAA8}.Release|Any CPU.ActiveCfg = Release|Any CPU
		{F82286C4-9A50-487D-AD44-4376E4A9BAA8}.Release|Any CPU.Build.0 = Release|Any CPU
		{F82286C4-9A50-487D-AD44-4376E4A9BAA8}.Release|x64.ActiveCfg = Release|Any CPU
		{F82286C4-9A50-487D-AD44-4376E4A9BAA8}.Release|x64.Build.0 = Release|Any CPU
		{F82286C4-9A50-487D-AD44-4376E4A9BAA8}.Release|x86.ActiveCfg = Release|Any CPU
		{F82286C4-9A50-487D-AD44-4376E4A9BAA8}.Release|x86.Build.0 = Release|Any CPU
		{CC6523E4-BDCB-4434-90E1-0140AD6545D6}.Debug|Any CPU.ActiveCfg = Debug|Any CPU
		{CC6523E4-BDCB-4434-90E1-0140AD6545D6}.Debug|Any CPU.Build.0 = Debug|Any CPU
		{CC6523E4-BDCB-4434-90E1-0140AD6545D6}.Debug|x64.ActiveCfg = Debug|Any CPU
		{CC6523E4-BDCB-4434-90E1-0140AD6545D6}.Debug|x64.Build.0 = Debug|Any CPU
		{CC6523E4-BDCB-4434-90E1-0140AD6545D6}.Debug|x86.ActiveCfg = Debug|Any CPU
		{CC6523E4-BDCB-4434-90E1-0140AD6545D6}.Debug|x86.Build.0 = Debug|Any CPU
		{CC6523E4-BDCB-4434-90E1-0140AD6545D6}.Release|Any CPU.ActiveCfg = Release|Any CPU
		{CC6523E4-BDCB-4434-90E1-0140AD6545D6}.Release|Any CPU.Build.0 = Release|Any CPU
		{CC6523E4-BDCB-4434-90E1-0140AD6545D6}.Release|x64.ActiveCfg = Release|Any CPU
		{CC6523E4-BDCB-4434-90E1-0140AD6545D6}.Release|x64.Build.0 = Release|Any CPU
		{CC6523E4-BDCB-4434-90E1-0140AD6545D6}.Release|x86.ActiveCfg = Release|Any CPU
		{CC6523E4-BDCB-4434-90E1-0140AD6545D6}.Release|x86.Build.0 = Release|Any CPU
		{760D8E03-56FB-4D19-8D66-E250CCA868F2}.Debug|Any CPU.ActiveCfg = Debug|Any CPU
		{760D8E03-56FB-4D19-8D66-E250CCA868F2}.Debug|Any CPU.Build.0 = Debug|Any CPU
		{760D8E03-56FB-4D19-8D66-E250CCA868F2}.Debug|x64.ActiveCfg = Debug|Any CPU
		{760D8E03-56FB-4D19-8D66-E250CCA868F2}.Debug|x64.Build.0 = Debug|Any CPU
		{760D8E03-56FB-4D19-8D66-E250CCA868F2}.Debug|x86.ActiveCfg = Debug|Any CPU
		{760D8E03-56FB-4D19-8D66-E250CCA868F2}.Debug|x86.Build.0 = Debug|Any CPU
		{760D8E03-56FB-4D19-8D66-E250CCA868F2}.Release|Any CPU.ActiveCfg = Release|Any CPU
		{760D8E03-56FB-4D19-8D66-E250CCA868F2}.Release|Any CPU.Build.0 = Release|Any CPU
		{760D8E03-56FB-4D19-8D66-E250CCA868F2}.Release|x64.ActiveCfg = Release|Any CPU
		{760D8E03-56FB-4D19-8D66-E250CCA868F2}.Release|x64.Build.0 = Release|Any CPU
		{760D8E03-56FB-4D19-8D66-E250CCA868F2}.Release|x86.ActiveCfg = Release|Any CPU
		{760D8E03-56FB-4D19-8D66-E250CCA868F2}.Release|x86.Build.0 = Release|Any CPU
		{15F34722-9C05-493B-9AAD-DD88651AA23F}.Debug|Any CPU.ActiveCfg = Debug|Any CPU
		{15F34722-9C05-493B-9AAD-DD88651AA23F}.Debug|Any CPU.Build.0 = Debug|Any CPU
		{15F34722-9C05-493B-9AAD-DD88651AA23F}.Debug|x64.ActiveCfg = Debug|Any CPU
		{15F34722-9C05-493B-9AAD-DD88651AA23F}.Debug|x64.Build.0 = Debug|Any CPU
		{15F34722-9C05-493B-9AAD-DD88651AA23F}.Debug|x86.ActiveCfg = Debug|Any CPU
		{15F34722-9C05-493B-9AAD-DD88651AA23F}.Debug|x86.Build.0 = Debug|Any CPU
		{15F34722-9C05-493B-9AAD-DD88651AA23F}.Release|Any CPU.ActiveCfg = Release|Any CPU
		{15F34722-9C05-493B-9AAD-DD88651AA23F}.Release|Any CPU.Build.0 = Release|Any CPU
		{15F34722-9C05-493B-9AAD-DD88651AA23F}.Release|x64.ActiveCfg = Release|Any CPU
		{15F34722-9C05-493B-9AAD-DD88651AA23F}.Release|x64.Build.0 = Release|Any CPU
		{15F34722-9C05-493B-9AAD-DD88651AA23F}.Release|x86.ActiveCfg = Release|Any CPU
		{15F34722-9C05-493B-9AAD-DD88651AA23F}.Release|x86.Build.0 = Release|Any CPU
		{3D925727-BE0F-417C-9C71-964E49AC3EDD}.Debug|Any CPU.ActiveCfg = Debug|Any CPU
		{3D925727-BE0F-417C-9C71-964E49AC3EDD}.Debug|Any CPU.Build.0 = Debug|Any CPU
		{3D925727-BE0F-417C-9C71-964E49AC3EDD}.Debug|x64.ActiveCfg = Debug|Any CPU
		{3D925727-BE0F-417C-9C71-964E49AC3EDD}.Debug|x64.Build.0 = Debug|Any CPU
		{3D925727-BE0F-417C-9C71-964E49AC3EDD}.Debug|x86.ActiveCfg = Debug|Any CPU
		{3D925727-BE0F-417C-9C71-964E49AC3EDD}.Debug|x86.Build.0 = Debug|Any CPU
		{3D925727-BE0F-417C-9C71-964E49AC3EDD}.Release|Any CPU.ActiveCfg = Release|Any CPU
		{3D925727-BE0F-417C-9C71-964E49AC3EDD}.Release|Any CPU.Build.0 = Release|Any CPU
		{3D925727-BE0F-417C-9C71-964E49AC3EDD}.Release|x64.ActiveCfg = Release|Any CPU
		{3D925727-BE0F-417C-9C71-964E49AC3EDD}.Release|x64.Build.0 = Release|Any CPU
		{3D925727-BE0F-417C-9C71-964E49AC3EDD}.Release|x86.ActiveCfg = Release|Any CPU
		{3D925727-BE0F-417C-9C71-964E49AC3EDD}.Release|x86.Build.0 = Release|Any CPU
		{95FA9354-95E7-4552-AEAF-E359D1A63A5F}.Debug|Any CPU.ActiveCfg = Debug|Any CPU
		{95FA9354-95E7-4552-AEAF-E359D1A63A5F}.Debug|Any CPU.Build.0 = Debug|Any CPU
		{95FA9354-95E7-4552-AEAF-E359D1A63A5F}.Debug|x64.ActiveCfg = Debug|Any CPU
		{95FA9354-95E7-4552-AEAF-E359D1A63A5F}.Debug|x64.Build.0 = Debug|Any CPU
		{95FA9354-95E7-4552-AEAF-E359D1A63A5F}.Debug|x86.ActiveCfg = Debug|Any CPU
		{95FA9354-95E7-4552-AEAF-E359D1A63A5F}.Debug|x86.Build.0 = Debug|Any CPU
		{95FA9354-95E7-4552-AEAF-E359D1A63A5F}.Release|Any CPU.ActiveCfg = Release|Any CPU
		{95FA9354-95E7-4552-AEAF-E359D1A63A5F}.Release|Any CPU.Build.0 = Release|Any CPU
		{95FA9354-95E7-4552-AEAF-E359D1A63A5F}.Release|x64.ActiveCfg = Release|Any CPU
		{95FA9354-95E7-4552-AEAF-E359D1A63A5F}.Release|x64.Build.0 = Release|Any CPU
		{95FA9354-95E7-4552-AEAF-E359D1A63A5F}.Release|x86.ActiveCfg = Release|Any CPU
		{95FA9354-95E7-4552-AEAF-E359D1A63A5F}.Release|x86.Build.0 = Release|Any CPU
	EndGlobalSection
	GlobalSection(SolutionProperties) = preSolution
		HideSolutionNode = FALSE
	EndGlobalSection
	GlobalSection(NestedProjects) = preSolution
		{3BDF5038-CCC5-43E9-95CD-E460F4B4A1EA} = {6017588C-083E-4716-AAEB-55B6DA9A9B38}
		{F82286C4-9A50-487D-AD44-4376E4A9BAA8} = {09F92AA6-D220-4782-996D-D0B971DC8E78}
		{CC6523E4-BDCB-4434-90E1-0140AD6545D6} = {906413B8-2DE2-47B9-9AAE-9D88BA55B9AD}
		{760D8E03-56FB-4D19-8D66-E250CCA868F2} = {9C7B5617-9BE1-45DB-BB14-04DCF24D9098}
		{15F34722-9C05-493B-9AAD-DD88651AA23F} = {906413B8-2DE2-47B9-9AAE-9D88BA55B9AD}
		{906413B8-2DE2-47B9-9AAE-9D88BA55B9AD} = {CB8BB97C-4018-43DE-9C2A-F463D7EED4B9}
		{6017588C-083E-4716-AAEB-55B6DA9A9B38} = {CB8BB97C-4018-43DE-9C2A-F463D7EED4B9}
		{09F92AA6-D220-4782-996D-D0B971DC8E78} = {CB8BB97C-4018-43DE-9C2A-F463D7EED4B9}
		{9C7B5617-9BE1-45DB-BB14-04DCF24D9098} = {CB8BB97C-4018-43DE-9C2A-F463D7EED4B9}
		{3D925727-BE0F-417C-9C71-964E49AC3EDD} = {906413B8-2DE2-47B9-9AAE-9D88BA55B9AD}
		{95FA9354-95E7-4552-AEAF-E359D1A63A5F} = {906413B8-2DE2-47B9-9AAE-9D88BA55B9AD}
	EndGlobalSection
	GlobalSection(ExtensibilityGlobals) = postSolution
		SolutionGuid = {9A351409-7A72-45F1-ADD2-6C8E578C75BB}
	EndGlobalSection
EndGlobal
